
Microsoft Visual Studio Solution File, Format Version 12.00
# Visual Studio Version 16
VisualStudioVersion = 16.0.31911.196
MinimumVisualStudioVersion = 10.0.40219.1
Project("{FAE04EC0-301F-11D3-BF4B-00C04F79EFBC}") = "QuickConnection", "QuickConnection\QuickConnection.csproj", "{80D4F420-D0AB-41CC-AE6E-3663CFD8FB6A}"
EndProject
Global
	GlobalSection(SolutionConfigurationPlatforms) = preSolution
		Debug|Any CPU = Debug|Any CPU
		Release|Any CPU = Release|Any CPU
	EndGlobalSection
	GlobalSection(ProjectConfigurationPlatforms) = postSolution
		{80D4F420-D0AB-41CC-AE6E-3663CFD8FB6A}.Debug|Any CPU.ActiveCfg = Debug|Any CPU
		{80D4F420-D0AB-41CC-AE6E-3663CFD8FB6A}.Debug|Any CPU.Build.0 = Debug|Any CPU
		{80D4F420-D0AB-41CC-AE6E-3663CFD8FB6A}.Release|Any CPU.ActiveCfg = Release|Any CPU
		{80D4F420-D0AB-41CC-AE6E-3663CFD8FB6A}.Release|Any CPU.Build.0 = Release|Any CPU
	EndGlobalSection
	GlobalSection(SolutionProperties) = preSolution
		HideSolutionNode = FALSE
	EndGlobalSection
	GlobalSection(ExtensibilityGlobals) = postSolution
		SolutionGuid = {C4731AD4-766D-42D5-A998-8209E0F8539A}
	EndGlobalSection
EndGlobal
